// !$*UTF8*$!
{
	archiveVersion = 1;
	classes = {
	};
	objectVersion = 48;
	objects = {

/* Begin PBXBuildFile section */
		459616211F7A515A00E7164D /* AppDelegate.swift in Sources */ = {isa = PBXBuildFile; fileRef = 459616201F7A515A00E7164D /* AppDelegate.swift */; };
		459616231F7A515A00E7164D /* QRCodeViewController.swift in Sources */ = {isa = PBXBuildFile; fileRef = 459616221F7A515A00E7164D /* QRCodeViewController.swift */; };
		459616261F7A515A00E7164D /* Main.storyboard in Resources */ = {isa = PBXBuildFile; fileRef = 459616241F7A515A00E7164D /* Main.storyboard */; };
		459616281F7A515A00E7164D /* Assets.xcassets in Resources */ = {isa = PBXBuildFile; fileRef = 459616271F7A515A00E7164D /* Assets.xcassets */; };
		4596162B1F7A515A00E7164D /* LaunchScreen.storyboard in Resources */ = {isa = PBXBuildFile; fileRef = 459616291F7A515A00E7164D /* LaunchScreen.storyboard */; };
		459616361F7A53A700E7164D /* QRCodeScannerViewController.swift in Sources */ = {isa = PBXBuildFile; fileRef = 459616351F7A53A700E7164D /* QRCodeScannerViewController.swift */; };
/* End PBXBuildFile section */

/* Begin PBXFileReference section */
		4596161D1F7A515A00E7164D /* Scan QRCode.app */ = {isa = PBXFileReference; explicitFileType = wrapper.application; includeInIndex = 0; path = "Scan QRCode.app"; sourceTree = BUILT_PRODUCTS_DIR; };
		459616201F7A515A00E7164D /* AppDelegate.swift */ = {isa = PBXFileReference; lastKnownFileType = sourcecode.swift; path = AppDelegate.swift; sourceTree = "<group>"; };
		459616221F7A515A00E7164D /* QRCodeViewController.swift */ = {isa = PBXFileReference; lastKnownFileType = sourcecode.swift; path = QRCodeViewController.swift; sourceTree = "<group>"; };
		459616251F7A515A00E7164D /* Base */ = {isa = PBXFileReference; lastKnownFileType = file.storyboard; name = Base; path = Base.lproj/Main.storyboard; sourceTree = "<group>"; };
		459616271F7A515A00E7164D /* Assets.xcassets */ = {isa = PBXFileReference; lastKnownFileType = folder.assetcatalog; path = Assets.xcassets; sourceTree = "<group>"; };
		4596162A1F7A515A00E7164D /* Base */ = {isa = PBXFileReference; lastKnownFileType = file.storyboard; name = Base; path = Base.lproj/LaunchScreen.storyboard; sourceTree = "<group>"; };
		4596162C1F7A515A00E7164D /* Info.plist */ = {isa = PBXFileReference; lastKnownFileType = text.plist.xml; path = Info.plist; sourceTree = "<group>"; };
		459616351F7A53A700E7164D /* QRCodeScannerViewController.swift */ = {isa = PBXFileReference; lastKnownFileType = sourcecode.swift; path = QRCodeScannerViewController.swift; sourceTree = "<group>"; };
/* End PBXFileReference section */

/* Begin PBXFrameworksBuildPhase section */
		4596161A1F7A515A00E7164D /* Frameworks */ = {
			isa = PBXFrameworksBuildPhase;
			buildActionMask = 2147483647;
			files = (
			);
			runOnlyForDeploymentPostprocessing = 0;
		};
/* End PBXFrameworksBuildPhase section */

/* Begin PBXGroup section */
		459616141F7A515A00E7164D = {
			isa = PBXGroup;
			children = (
				4596161F1F7A515A00E7164D /* Scan QRCode */,
				4596161E1F7A515A00E7164D /* Products */,
			);
			sourceTree = "<group>";
		};
		4596161E1F7A515A00E7164D /* Products */ = {
			isa = PBXGroup;
			children = (
				4596161D1F7A515A00E7164D /* Scan QRCode.app */,
			);
			name = Products;
			sourceTree = "<group>";
		};
		4596161F1F7A515A00E7164D /* Scan QRCode */ = {
			isa = PBXGroup;
			children = (
				459616321F7A517000E7164D /* Resources */,
				459616331F7A517900E7164D /* View */,
				459616341F7A517F00E7164D /* Controller */,
			);
			path = "Scan QRCode";
			sourceTree = "<group>";
		};
		459616321F7A517000E7164D /* Resources */ = {
			isa = PBXGroup;
			children = (
				4596162C1F7A515A00E7164D /* Info.plist */,
				459616271F7A515A00E7164D /* Assets.xcassets */,
			);
			path = Resources;
			sourceTree = "<group>";
		};
		459616331F7A517900E7164D /* View */ = {
			isa = PBXGroup;
			children = (
				459616291F7A515A00E7164D /* LaunchScreen.storyboard */,
				459616241F7A515A00E7164D /* Main.storyboard */,
			);
			path = View;
			sourceTree = "<group>";
		};
		459616341F7A517F00E7164D /* Controller */ = {
			isa = PBXGroup;
			children = (
				459616201F7A515A00E7164D /* AppDelegate.swift */,
				459616221F7A515A00E7164D /* QRCodeViewController.swift */,
				459616351F7A53A700E7164D /* QRCodeScannerViewController.swift */,
			);
			path = Controller;
			sourceTree = "<group>";
		};
/* End PBXGroup section */

/* Begin PBXNativeTarget section */
		4596161C1F7A515A00E7164D /* Scan QRCode */ = {
			isa = PBXNativeTarget;
			buildConfigurationList = 4596162F1F7A515A00E7164D /* Build configuration list for PBXNativeTarget "Scan QRCode" */;
			buildPhases = (
				459616191F7A515A00E7164D /* Sources */,
				4596161A1F7A515A00E7164D /* Frameworks */,
				4596161B1F7A515A00E7164D /* Resources */,
			);
			buildRules = (
			);
			dependencies = (
			);
			name = "Scan QRCode";
			productName = "Scan QRCode";
			productReference = 4596161D1F7A515A00E7164D /* Scan QRCode.app */;
			productType = "com.apple.product-type.application";
		};
/* End PBXNativeTarget section */

/* Begin PBXProject section */
		459616151F7A515A00E7164D /* Project object */ = {
			isa = PBXProject;
			attributes = {
				LastSwiftUpdateCheck = 0900;
				LastUpgradeCheck = 0900;
				ORGANIZATIONNAME = "Chris Huang";
				TargetAttributes = {
					4596161C1F7A515A00E7164D = {
						CreatedOnToolsVersion = 9.0;
						ProvisioningStyle = Automatic;
					};
				};
			};
			buildConfigurationList = 459616181F7A515A00E7164D /* Build configuration list for PBXProject "Scan QRCode" */;
			compatibilityVersion = "Xcode 8.0";
			developmentRegion = en;
			hasScannedForEncodings = 0;
			knownRegions = (
				en,
				Base,
			);
			mainGroup = 459616141F7A515A00E7164D;
			productRefGroup = 4596161E1F7A515A00E7164D /* Products */;
			projectDirPath = "";
			projectRoot = "";
			targets = (
				4596161C1F7A515A00E7164D /* Scan QRCode */,
			);
		};
/* End PBXProject section */

/* Begin PBXResourcesBuildPhase section */
		4596161B1F7A515A00E7164D /* Resources */ = {
			isa = PBXResourcesBuildPhase;
			buildActionMask = 2147483647;
			files = (
				4596162B1F7A515A00E7164D /* LaunchScreen.storyboard in Resources */,
				459616281F7A515A00E7164D /* Assets.xcassets in Resources */,
				459616261F7A515A00E7164D /* Main.storyboard in Resources */,
			);
			runOnlyForDeploymentPostprocessing = 0;
		};
/* End PBXResourcesBuildPhase section */

/* Begin PBXSourcesBuildPhase section */
		459616191F7A515A00E7164D /* Sources */ = {
			isa = PBXSourcesBuildPhase;
			buildActionMask = 2147483647;
			files = (
				459616231F7A515A00E7164D /* QRCodeViewController.swift in Sources */,
				459616211F7A515A00E7164D /* AppDelegate.swift in Sources */,
				459616361F7A53A700E7164D /* QRCodeScannerViewController.swift in Sources */,
			);
			runOnlyForDeploymentPostprocessing = 0;
		};
/* End PBXSourcesBuildPhase section */

/* Begin PBXVariantGroup section */
		459616241F7A515A00E7164D /* Main.storyboard */ = {
			isa = PBXVariantGroup;
			children = (
				459616251F7A515A00E7164D /* Base */,
			);
			name = Main.storyboard;
			sourceTree = "<group>";
		};
		459616291F7A515A00E7164D /* LaunchScreen.storyboard */ = {
			isa = PBXVariantGroup;
			children = (
				4596162A1F7A515A00E7164D /* Base */,
			);
			name = LaunchScreen.storyboard;
			sourceTree = "<group>";
		};
/* End PBXVariantGroup section */

/* Begin XCBuildConfiguration section */
		4596162D1F7A515A00E7164D /* Debug */ = {
			isa = XCBuildConfiguration;
			buildSettings = {
				ALWAYS_SEARCH_USER_PATHS = NO;
				CLANG_ANALYZER_NONNULL = YES;
				CLANG_ANALYZER_NUMBER_OBJECT_CONVERSION = YES_AGGRESSIVE;
				CLANG_CXX_LANGUAGE_STANDARD = "gnu++14";
				CLANG_CXX_LIBRARY = "libc++";
				CLANG_ENABLE_MODULES = YES;
				CLANG_ENABLE_OBJC_ARC = YES;
				CLANG_WARN_BLOCK_CAPTURE_AUTORELEASING = YES;
				CLANG_WARN_BOOL_CONVERSION = YES;
				CLANG_WARN_COMMA = YES;
				CLANG_WARN_CONSTANT_CONVERSION = YES;
				CLANG_WARN_DIRECT_OBJC_ISA_USAGE = YES_ERROR;
				CLANG_WARN_DOCUMENTATION_COMMENTS = YES;
				CLANG_WARN_EMPTY_BODY = YES;
				CLANG_WARN_ENUM_CONVERSION = YES;
				CLANG_WARN_INFINITE_RECURSION = YES;
				CLANG_WARN_INT_CONVERSION = YES;
				CLANG_WARN_NON_LITERAL_NULL_CONVERSION = YES;
				CLANG_WARN_OBJC_LITERAL_CONVERSION = YES;
				CLANG_WARN_OBJC_ROOT_CLASS = YES_ERROR;
				CLANG_WARN_RANGE_LOOP_ANALYSIS = YES;
				CLANG_WARN_STRICT_PROTOTYPES = YES;
				CLANG_WARN_SUSPICIOUS_MOVE = YES;
				CLANG_WARN_UNGUARDED_AVAILABILITY = YES_AGGRESSIVE;
				CLANG_WARN_UNREACHABLE_CODE = YES;
				CLANG_WARN__DUPLICATE_METHOD_MATCH = YES;
				CODE_SIGN_IDENTITY = "iPhone Developer";
				COPY_PHASE_STRIP = NO;
				DEBUG_INFORMATION_FORMAT = dwarf;
				ENABLE_STRICT_OBJC_MSGSEND = YES;
				ENABLE_TESTABILITY = YES;
				GCC_C_LANGUAGE_STANDARD = gnu11;
				GCC_DYNAMIC_NO_PIC = NO;
				GCC_NO_COMMON_BLOCKS = YES;
				GCC_OPTIMIZATION_LEVEL = 0;
				GCC_PREPROCESSOR_DEFINITIONS = (
					"DEBUG=1",
					"$(inherited)",
				);
				GCC_WARN_64_TO_32_BIT_CONVERSION = YES;
				GCC_WARN_ABOUT_RETURN_TYPE = YES_ERROR;
				GCC_WARN_UNDECLARED_SELECTOR = YES;
				GCC_WARN_UNINITIALIZED_AUTOS = YES_AGGRESSIVE;
				GCC_WARN_UNUSED_FUNCTION = YES;
				GCC_WARN_UNUSED_VARIABLE = YES;
				IPHONEOS_DEPLOYMENT_TARGET = 11.0;
				MTL_ENABLE_DEBUG_INFO = YES;
				ONLY_ACTIVE_ARCH = YES;
				SDKROOT = iphoneos;
				SWIFT_ACTIVE_COMPILATION_CONDITIONS = DEBUG;
				SWIFT_OPTIMIZATION_LEVEL = "-Onone";
			};
			name = Debug;
		};
		4596162E1F7A515A00E7164D /* Release */ = {
			isa = XCBuildConfiguration;
			buildSettings = {
				ALWAYS_SEARCH_USER_PATHS = NO;
				CLANG_ANALYZER_NONNULL = YES;
				CLANG_ANALYZER_NUMBER_OBJECT_CONVERSION = YES_AGGRESSIVE;
				CLANG_CXX_LANGUAGE_STANDARD = "gnu++14";
				CLANG_CXX_LIBRARY = "libc++";
				CLANG_ENABLE_MODULES = YES;
				CLANG_ENABLE_OBJC_ARC = YES;
				CLANG_WARN_BLOCK_CAPTURE_AUTORELEASING = YES;
				CLANG_WARN_BOOL_CONVERSION = YES;
				CLANG_WARN_COMMA = YES;
				CLANG_WARN_CONSTANT_CONVERSION = YES;
				CLANG_WARN_DIRECT_OBJC_ISA_USAGE = YES_ERROR;
				CLANG_WARN_DOCUMENTATION_COMMENTS = YES;
				CLANG_WARN_EMPTY_BODY = YES;
				CLANG_WARN_ENUM_CONVERSION = YES;
				CLANG_WARN_INFINITE_RECURSION = YES;
				CLANG_WARN_INT_CONVERSION = YES;
				CLANG_WARN_NON_LITERAL_NULL_CONVERSION = YES;
				CLANG_WARN_OBJC_LITERAL_CONVERSION = YES;
				CLANG_WARN_OBJC_ROOT_CLASS = YES_ERROR;
				CLANG_WARN_RANGE_LOOP_ANALYSIS = YES;
				CLANG_WARN_STRICT_PROTOTYPES = YES;
				CLANG_WARN_SUSPICIOUS_MOVE = YES;
				CLANG_WARN_UNGUARDED_AVAILABILITY = YES_AGGRESSIVE;
				CLANG_WARN_UNREACHABLE_CODE = YES;
				CLANG_WARN__DUPLICATE_METHOD_MATCH = YES;
				CODE_SIGN_IDENTITY = "iPhone Developer";
				COPY_PHASE_STRIP = NO;
				DEBUG_INFORMATION_FORMAT = "dwarf-with-dsym";
				ENABLE_NS_ASSERTIONS = NO;
				ENABLE_STRICT_OBJC_MSGSEND = YES;
				GCC_C_LANGUAGE_STANDARD = gnu11;
				GCC_NO_COMMON_BLOCKS = YES;
				GCC_WARN_64_TO_32_BIT_CONVERSION = YES;
				GCC_WARN_ABOUT_RETURN_TYPE = YES_ERROR;
				GCC_WARN_UNDECLARED_SELECTOR = YES;
				GCC_WARN_UNINITIALIZED_AUTOS = YES_AGGRESSIVE;
				GCC_WARN_UNUSED_FUNCTION = YES;
				GCC_WARN_UNUSED_VARIABLE = YES;
				IPHONEOS_DEPLOYMENT_TARGET = 11.0;
				MTL_ENABLE_DEBUG_INFO = NO;
				SDKROOT = iphoneos;
				SWIFT_OPTIMIZATION_LEVEL = "-Owholemodule";
				VALIDATE_PRODUCT = YES;
			};
			name = Release;
		};
		459616301F7A515A00E7164D /* Debug */ = {
			isa = XCBuildConfiguration;
			buildSettings = {
				ASSETCATALOG_COMPILER_APPICON_NAME = AppIcon;
				CODE_SIGN_STYLE = Automatic;
				DEVELOPMENT_TEAM = 9H46LQG73T;
				INFOPLIST_FILE = "$(SRCROOT)/Scan QRCode/Resources/Info.plist";
				LD_RUNPATH_SEARCH_PATHS = "$(inherited) @executable_path/Frameworks";
				PRODUCT_BUNDLE_IDENTIFIER = "com.DevXris.Scan-QRCode";
				PRODUCT_NAME = "$(TARGET_NAME)";
				SWIFT_VERSION = 4.0;
				TARGETED_DEVICE_FAMILY = "1,2";
			};
			name = Debug;
		};
		459616311F7A515A00E7164D /* Release */ = {
			isa = XCBuildConfiguration;
			buildSettings = {
				ASSETCATALOG_COMPILER_APPICON_NAME = AppIcon;
				CODE_SIGN_STYLE = Automatic;
				DEVELOPMENT_TEAM = 9H46LQG73T;
				INFOPLIST_FILE = "$(SRCROOT)/Scan QRCode/Resources/Info.plist";
				LD_RUNPATH_SEARCH_PATHS = "$(inherited) @executable_path/Frameworks";
				PRODUCT_BUNDLE_IDENTIFIER = "com.DevXris.Scan-QRCode";
				PRODUCT_NAME = "$(TARGET_NAME)";
				SWIFT_VERSION = 4.0;
				TARGETED_DEVICE_FAMILY = "1,2";
			};
			name = Release;
		};
/* End XCBuildConfiguration section */

/* Begin XCConfigurationList section */
		459616181F7A515A00E7164D /* Build configuration list for PBXProject "Scan QRCode" */ = {
			isa = XCConfigurationList;
			buildConfigurations = (
				4596162D1F7A515A00E7164D /* Debug */,
				4596162E1F7A515A00E7164D /* Release */,
			);
			defaultConfigurationIsVisible = 0;
			defaultConfigurationName = Release;
		};
		4596162F1F7A515A00E7164D /* Build configuration list for PBXNativeTarget "Scan QRCode" */ = {
			isa = XCConfigurationList;
			buildConfigurations = (
				459616301F7A515A00E7164D /* Debug */,
				459616311F7A515A00E7164D /* Release */,
			);
			defaultConfigurationIsVisible = 0;
			defaultConfigurationName = Release;
		};
/* End XCConfigurationList section */
	};
	rootObject = 459616151F7A515A00E7164D /* Project object */;
}
